
Microsoft Visual Studio Solution File, Format Version 12.00
# Visual Studio Version 17
VisualStudioVersion = 17.3.32929.385
MinimumVisualStudioVersion = 10.0.40219.1
Project("{9A19103F-16F7-4668-BE54-9A1E7A4F7556}") = "TheOmenDen.CrowsOnTheShelf.Server", "TheOmenDen.CrowsOnTheShelf\Server\TheOmenDen.CrowsOnTheShelf.Server.csproj", "{3D95C3E1-F1C5-49A3-A0AF-F996F908FB37}"
EndProject
Project("{9A19103F-16F7-4668-BE54-9A1E7A4F7556}") = "TheOmenDen.CrowsOnTheShelf.Client", "TheOmenDen.CrowsOnTheShelf\Client\TheOmenDen.CrowsOnTheShelf.Client.csproj", "{5F4CE9C8-FEF3-4B18-8428-1A01834B8784}"
EndProject
Project("{9A19103F-16F7-4668-BE54-9A1E7A4F7556}") = "TheOmenDen.CrowsOnTheShelf.Shared", "TheOmenDen.CrowsOnTheShelf\Shared\TheOmenDen.CrowsOnTheShelf.Shared.csproj", "{109DE721-1AA5-4BF4-A018-993548C9F5C4}"
EndProject
Project("{FAE04EC0-301F-11D3-BF4B-00C04F79EFBC}") = "TheOmenDen.CrowsOnTheShelf.Data", "TheOmenDen.CrowsOnTheShelf.Data\TheOmenDen.CrowsOnTheShelf.Data.csproj", "{E59B8A8E-0A67-447F-890C-F34F46B44B15}"
EndProject
Global
	GlobalSection(SolutionConfigurationPlatforms) = preSolution
		Debug|Any CPU = Debug|Any CPU
		Release|Any CPU = Release|Any CPU
	EndGlobalSection
	GlobalSection(ProjectConfigurationPlatforms) = postSolution
		{3D95C3E1-F1C5-49A3-A0AF-F996F908FB37}.Debug|Any CPU.ActiveCfg = Debug|Any CPU
		{3D95C3E1-F1C5-49A3-A0AF-F996F908FB37}.Debug|Any CPU.Build.0 = Debug|Any CPU
		{3D95C3E1-F1C5-49A3-A0AF-F996F908FB37}.Release|Any CPU.ActiveCfg = Release|Any CPU
		{3D95C3E1-F1C5-49A3-A0AF-F996F908FB37}.Release|Any CPU.Build.0 = Release|Any CPU
		{5F4CE9C8-FEF3-4B18-8428-1A01834B8784}.Debug|Any CPU.ActiveCfg = Debug|Any CPU
		{5F4CE9C8-FEF3-4B18-8428-1A01834B8784}.Debug|Any CPU.Build.0 = Debug|Any CPU
		{5F4CE9C8-FEF3-4B18-8428-1A01834B8784}.Release|Any CPU.ActiveCfg = Release|Any CPU
		{5F4CE9C8-FEF3-4B18-8428-1A01834B8784}.Release|Any CPU.Build.0 = Release|Any CPU
		{109DE721-1AA5-4BF4-A018-993548C9F5C4}.Debug|Any CPU.ActiveCfg = Debug|Any CPU
		{109DE721-1AA5-4BF4-A018-993548C9F5C4}.Debug|Any CPU.Build.0 = Debug|Any CPU
		{109DE721-1AA5-4BF4-A018-993548C9F5C4}.Release|Any CPU.ActiveCfg = Release|Any CPU
		{109DE721-1AA5-4BF4-A018-993548C9F5C4}.Release|Any CPU.Build.0 = Release|Any CPU
		{E59B8A8E-0A67-447F-890C-F34F46B44B15}.Debug|Any CPU.ActiveCfg = Debug|Any CPU
		{E59B8A8E-0A67-447F-890C-F34F46B44B15}.Debug|Any CPU.Build.0 = Debug|Any CPU
		{E59B8A8E-0A67-447F-890C-F34F46B44B15}.Release|Any CPU.ActiveCfg = Release|Any CPU
		{E59B8A8E-0A67-447F-890C-F34F46B44B15}.Release|Any CPU.Build.0 = Release|Any CPU
	EndGlobalSection
	GlobalSection(SolutionProperties) = preSolution
		HideSolutionNode = FALSE
	EndGlobalSection
	GlobalSection(ExtensibilityGlobals) = postSolution
		SolutionGuid = {ECEBDC47-CCA0-4A88-9F7D-53B4A8009369}
	EndGlobalSection
EndGlobal
